// !$*UTF8*$!
{
	archiveVersion = 1;
	classes = {
	};
	objectVersion = 46;
	objects = {

/* Begin PBXBuildFile section */
		F9D169B214E24C4500CECC79 /* UIKit.framework in Frameworks */ = {isa = PBXBuildFile; fileRef = F9D169B114E24C4500CECC79 /* UIKit.framework */; };
		F9D169B414E24C4500CECC79 /* Foundation.framework in Frameworks */ = {isa = PBXBuildFile; fileRef = F9D169B314E24C4500CECC79 /* Foundation.framework */; };
		F9D169B614E24C4500CECC79 /* CoreGraphics.framework in Frameworks */ = {isa = PBXBuildFile; fileRef = F9D169B514E24C4500CECC79 /* CoreGraphics.framework */; };
		F9D169BC14E24C4500CECC79 /* InfoPlist.strings in Resources */ = {isa = PBXBuildFile; fileRef = F9D169BA14E24C4500CECC79 /* InfoPlist.strings */; };
		F9D169BE14E24C4500CECC79 /* main.m in Sources */ = {isa = PBXBuildFile; fileRef = F9D169BD14E24C4500CECC79 /* main.m */; };
		F9D169C214E24C4500CECC79 /* AppDelegate.m in Sources */ = {isa = PBXBuildFile; fileRef = F9D169C114E24C4500CECC79 /* AppDelegate.m */; };
		F9D169C514E24C4500CECC79 /* ViewController.m in Sources */ = {isa = PBXBuildFile; fileRef = F9D169C414E24C4500CECC79 /* ViewController.m */; };
		F9D169C814E24C4500CECC79 /* ViewController_iPhone.xib in Resources */ = {isa = PBXBuildFile; fileRef = F9D169C614E24C4500CECC79 /* ViewController_iPhone.xib */; };
		F9D169CB14E24C4600CECC79 /* ViewController_iPad.xib in Resources */ = {isa = PBXBuildFile; fileRef = F9D169C914E24C4600CECC79 /* ViewController_iPad.xib */; };
/* End PBXBuildFile section */

/* Begin PBXFileReference section */
		F9D169AD14E24C4500CECC79 /* exmaple_targetAction.app */ = {isa = PBXFileReference; explicitFileType = wrapper.application; includeInIndex = 0; path = exmaple_targetAction.app; sourceTree = BUILT_PRODUCTS_DIR; };
		F9D169B114E24C4500CECC79 /* UIKit.framework */ = {isa = PBXFileReference; lastKnownFileType = wrapper.framework; name = UIKit.framework; path = System/Library/Frameworks/UIKit.framework; sourceTree = SDKROOT; };
		F9D169B314E24C4500CECC79 /* Foundation.framework */ = {isa = PBXFileReference; lastKnownFileType = wrapper.framework; name = Foundation.framework; path = System/Library/Frameworks/Foundation.framework; sourceTree = SDKROOT; };
		F9D169B514E24C4500CECC79 /* CoreGraphics.framework */ = {isa = PBXFileReference; lastKnownFileType = wrapper.framework; name = CoreGraphics.framework; path = System/Library/Frameworks/CoreGraphics.framework; sourceTree = SDKROOT; };
		F9D169B914E24C4500CECC79 /* exmaple_targetAction-Info.plist */ = {isa = PBXFileReference; lastKnownFileType = text.plist.xml; path = "exmaple_targetAction-Info.plist"; sourceTree = "<group>"; };
		F9D169BB14E24C4500CECC79 /* en */ = {isa = PBXFileReference; lastKnownFileType = text.plist.strings; name = en; path = en.lproj/InfoPlist.strings; sourceTree = "<group>"; };
		F9D169BD14E24C4500CECC79 /* main.m */ = {isa = PBXFileReference; lastKnownFileType = sourcecode.c.objc; path = main.m; sourceTree = "<group>"; };
		F9D169BF14E24C4500CECC79 /* exmaple_targetAction-Prefix.pch */ = {isa = PBXFileReference; lastKnownFileType = sourcecode.c.h; path = "exmaple_targetAction-Prefix.pch"; sourceTree = "<group>"; };
		F9D169C014E24C4500CECC79 /* AppDelegate.h */ = {isa = PBXFileReference; lastKnownFileType = sourcecode.c.h; path = AppDelegate.h; sourceTree = "<group>"; };
		F9D169C114E24C4500CECC79 /* AppDelegate.m */ = {isa = PBXFileReference; lastKnownFileType = sourcecode.c.objc; path = AppDelegate.m; sourceTree = "<group>"; };
		F9D169C314E24C4500CECC79 /* ViewController.h */ = {isa = PBXFileReference; lastKnownFileType = sourcecode.c.h; path = ViewController.h; sourceTree = "<group>"; };
		F9D169C414E24C4500CECC79 /* ViewController.m */ = {isa = PBXFileReference; lastKnownFileType = sourcecode.c.objc; path = ViewController.m; sourceTree = "<group>"; };
		F9D169C714E24C4500CECC79 /* en */ = {isa = PBXFileReference; lastKnownFileType = file.xib; name = en; path = en.lproj/ViewController_iPhone.xib; sourceTree = "<group>"; };
		F9D169CA14E24C4600CECC79 /* en */ = {isa = PBXFileReference; lastKnownFileType = file.xib; name = en; path = en.lproj/ViewController_iPad.xib; sourceTree = "<group>"; };
/* End PBXFileReference section */

/* Begin PBXFrameworksBuildPhase section */
		F9D169AA14E24C4500CECC79 /* Frameworks */ = {
			isa = PBXFrameworksBuildPhase;
			buildActionMask = 2147483647;
			files = (
				F9D169B214E24C4500CECC79 /* UIKit.framework in Frameworks */,
				F9D169B414E24C4500CECC79 /* Foundation.framework in Frameworks */,
				F9D169B614E24C4500CECC79 /* CoreGraphics.framework in Frameworks */,
			);
			runOnlyForDeploymentPostprocessing = 0;
		};
/* End PBXFrameworksBuildPhase section */

/* Begin PBXGroup section */
		F9D169A214E24C4500CECC79 = {
			isa = PBXGroup;
			children = (
				F9D169B714E24C4500CECC79 /* exmaple_targetAction */,
				F9D169B014E24C4500CECC79 /* Frameworks */,
				F9D169AE14E24C4500CECC79 /* Products */,
			);
			sourceTree = "<group>";
		};
		F9D169AE14E24C4500CECC79 /* Products */ = {
			isa = PBXGroup;
			children = (
				F9D169AD14E24C4500CECC79 /* exmaple_targetAction.app */,
			);
			name = Products;
			sourceTree = "<group>";
		};
		F9D169B014E24C4500CECC79 /* Frameworks */ = {
			isa = PBXGroup;
			children = (
				F9D169B114E24C4500CECC79 /* UIKit.framework */,
				F9D169B314E24C4500CECC79 /* Foundation.framework */,
				F9D169B514E24C4500CECC79 /* CoreGraphics.framework */,
			);
			name = Frameworks;
			sourceTree = "<group>";
		};
		F9D169B714E24C4500CECC79 /* exmaple_targetAction */ = {
			isa = PBXGroup;
			children = (
				F9D169C014E24C4500CECC79 /* AppDelegate.h */,
				F9D169C114E24C4500CECC79 /* AppDelegate.m */,
				F9D169C314E24C4500CECC79 /* ViewController.h */,
				F9D169C414E24C4500CECC79 /* ViewController.m */,
				F9D169C614E24C4500CECC79 /* ViewController_iPhone.xib */,
				F9D169C914E24C4600CECC79 /* ViewController_iPad.xib */,
				F9D169B814E24C4500CECC79 /* Supporting Files */,
			);
			path = exmaple_targetAction;
			sourceTree = "<group>";
		};
		F9D169B814E24C4500CECC79 /* Supporting Files */ = {
			isa = PBXGroup;
			children = (
				F9D169B914E24C4500CECC79 /* exmaple_targetAction-Info.plist */,
				F9D169BA14E24C4500CECC79 /* InfoPlist.strings */,
				F9D169BD14E24C4500CECC79 /* main.m */,
				F9D169BF14E24C4500CECC79 /* exmaple_targetAction-Prefix.pch */,
			);
			name = "Supporting Files";
			sourceTree = "<group>";
		};
/* End PBXGroup section */

/* Begin PBXNativeTarget section */
		F9D169AC14E24C4500CECC79 /* exmaple_targetAction */ = {
			isa = PBXNativeTarget;
			buildConfigurationList = F9D169CE14E24C4600CECC79 /* Build configuration list for PBXNativeTarget "exmaple_targetAction" */;
			buildPhases = (
				F9D169A914E24C4500CECC79 /* Sources */,
				F9D169AA14E24C4500CECC79 /* Frameworks */,
				F9D169AB14E24C4500CECC79 /* Resources */,
			);
			buildRules = (
			);
			dependencies = (
			);
			name = exmaple_targetAction;
			productName = exmaple_targetAction;
			productReference = F9D169AD14E24C4500CECC79 /* exmaple_targetAction.app */;
			productType = "com.apple.product-type.application";
		};
/* End PBXNativeTarget section */

/* Begin PBXProject section */
		F9D169A414E24C4500CECC79 /* Project object */ = {
			isa = PBXProject;
			attributes = {
				LastUpgradeCheck = 0420;
				ORGANIZATIONNAME = NUS;
			};
			buildConfigurationList = F9D169A714E24C4500CECC79 /* Build configuration list for PBXProject "exmaple_targetAction" */;
			compatibilityVersion = "Xcode 3.2";
			developmentRegion = English;
			hasScannedForEncodings = 0;
			knownRegions = (
				en,
			);
			mainGroup = F9D169A214E24C4500CECC79;
			productRefGroup = F9D169AE14E24C4500CECC79 /* Products */;
			projectDirPath = "";
			projectRoot = "";
			targets = (
				F9D169AC14E24C4500CECC79 /* exmaple_targetAction */,
			);
		};
/* End PBXProject section */

/* Begin PBXResourcesBuildPhase section */
		F9D169AB14E24C4500CECC79 /* Resources */ = {
			isa = PBXResourcesBuildPhase;
			buildActionMask = 2147483647;
			files = (
				F9D169BC14E24C4500CECC79 /* InfoPlist.strings in Resources */,
				F9D169C814E24C4500CECC79 /* ViewController_iPhone.xib in Resources */,
				F9D169CB14E24C4600CECC79 /* ViewController_iPad.xib in Resources */,
			);
			runOnlyForDeploymentPostprocessing = 0;
		};
/* End PBXResourcesBuildPhase section */

/* Begin PBXSourcesBuildPhase section */
		F9D169A914E24C4500CECC79 /* Sources */ = {
			isa = PBXSourcesBuildPhase;
			buildActionMask = 2147483647;
			files = (
				F9D169BE14E24C4500CECC79 /* main.m in Sources */,
				F9D169C214E24C4500CECC79 /* AppDelegate.m in Sources */,
				F9D169C514E24C4500CECC79 /* ViewController.m in Sources */,
			);
			runOnlyForDeploymentPostprocessing = 0;
		};
/* End PBXSourcesBuildPhase section */

/* Begin PBXVariantGroup section */
		F9D169BA14E24C4500CECC79 /* InfoPlist.strings */ = {
			isa = PBXVariantGroup;
			children = (
				F9D169BB14E24C4500CECC79 /* en */,
			);
			name = InfoPlist.strings;
			sourceTree = "<group>";
		};
		F9D169C614E24C4500CECC79 /* ViewController_iPhone.xib */ = {
			isa = PBXVariantGroup;
			children = (
				F9D169C714E24C4500CECC79 /* en */,
			);
			name = ViewController_iPhone.xib;
			sourceTree = "<group>";
		};
		F9D169C914E24C4600CECC79 /* ViewController_iPad.xib */ = {
			isa = PBXVariantGroup;
			children = (
				F9D169CA14E24C4600CECC79 /* en */,
			);
			name = ViewController_iPad.xib;
			sourceTree = "<group>";
		};
/* End PBXVariantGroup section */

/* Begin XCBuildConfiguration section */
		F9D169CC14E24C4600CECC79 /* Debug */ = {
			isa = XCBuildConfiguration;
			buildSettings = {
				ALWAYS_SEARCH_USER_PATHS = NO;
				ARCHS = "$(ARCHS_STANDARD_32_BIT)";
				"CODE_SIGN_IDENTITY[sdk=iphoneos*]" = "iPhone Developer";
				COPY_PHASE_STRIP = NO;
				GCC_C_LANGUAGE_STANDARD = gnu99;
				GCC_DYNAMIC_NO_PIC = NO;
				GCC_OPTIMIZATION_LEVEL = 0;
				GCC_PREPROCESSOR_DEFINITIONS = (
					"DEBUG=1",
					"$(inherited)",
				);
				GCC_SYMBOLS_PRIVATE_EXTERN = NO;
				GCC_VERSION = com.apple.compilers.llvm.clang.1_0;
				GCC_WARN_ABOUT_MISSING_PROTOTYPES = YES;
				GCC_WARN_ABOUT_RETURN_TYPE = YES;
				GCC_WARN_UNUSED_VARIABLE = YES;
				IPHONEOS_DEPLOYMENT_TARGET = 5.0;
				SDKROOT = iphoneos;
				TARGETED_DEVICE_FAMILY = "1,2";
			};
			name = Debug;
		};
		F9D169CD14E24C4600CECC79 /* Release */ = {
			isa = XCBuildConfiguration;
			buildSettings = {
				ALWAYS_SEARCH_USER_PATHS = NO;
				ARCHS = "$(ARCHS_STANDARD_32_BIT)";
				"CODE_SIGN_IDENTITY[sdk=iphoneos*]" = "iPhone Developer";
				COPY_PHASE_STRIP = YES;
				GCC_C_LANGUAGE_STANDARD = gnu99;
				GCC_VERSION = com.apple.compilers.llvm.clang.1_0;
				GCC_WARN_ABOUT_MISSING_PROTOTYPES = YES;
				GCC_WARN_ABOUT_RETURN_TYPE = YES;
				GCC_WARN_UNUSED_VARIABLE = YES;
				IPHONEOS_DEPLOYMENT_TARGET = 5.0;
				OTHER_CFLAGS = "-DNS_BLOCK_ASSERTIONS=1";
				SDKROOT = iphoneos;
				TARGETED_DEVICE_FAMILY = "1,2";
				VALIDATE_PRODUCT = YES;
			};
			name = Release;
		};
		F9D169CF14E24C4600CECC79 /* Debug */ = {
			isa = XCBuildConfiguration;
			buildSettings = {
				GCC_PRECOMPILE_PREFIX_HEADER = YES;
				GCC_PREFIX_HEADER = "exmaple_targetAction/exmaple_targetAction-Prefix.pch";
				INFOPLIST_FILE = "exmaple_targetAction/exmaple_targetAction-Info.plist";
				PRODUCT_NAME = "$(TARGET_NAME)";
				WRAPPER_EXTENSION = app;
			};
			name = Debug;
		};
		F9D169D014E24C4600CECC79 /* Release */ = {
			isa = XCBuildConfiguration;
			buildSettings = {
				GCC_PRECOMPILE_PREFIX_HEADER = YES;
				GCC_PREFIX_HEADER = "exmaple_targetAction/exmaple_targetAction-Prefix.pch";
				INFOPLIST_FILE = "exmaple_targetAction/exmaple_targetAction-Info.plist";
				PRODUCT_NAME = "$(TARGET_NAME)";
				WRAPPER_EXTENSION = app;
			};
			name = Release;
		};
/* End XCBuildConfiguration section */

/* Begin XCConfigurationList section */
		F9D169A714E24C4500CECC79 /* Build configuration list for PBXProject "exmaple_targetAction" */ = {
			isa = XCConfigurationList;
			buildConfigurations = (
				F9D169CC14E24C4600CECC79 /* Debug */,
				F9D169CD14E24C4600CECC79 /* Release */,
			);
			defaultConfigurationIsVisible = 0;
			defaultConfigurationName = Release;
		};
		F9D169CE14E24C4600CECC79 /* Build configuration list for PBXNativeTarget "exmaple_targetAction" */ = {
			isa = XCConfigurationList;
			buildConfigurations = (
				F9D169CF14E24C4600CECC79 /* Debug */,
				F9D169D014E24C4600CECC79 /* Release */,
			);
			defaultConfigurationIsVisible = 0;
		};
/* End XCConfigurationList section */
	};
	rootObject = F9D169A414E24C4500CECC79 /* Project object */;
}
